// !$*UTF8*$!
{
	archiveVersion = 1;
	classes = {
	};
	objectVersion = 50;
	objects = {

/* Begin PBXBuildFile section */
		797E8C3921A632F000C12CF1 /* TestCell.m in Sources */ = {isa = PBXBuildFile; fileRef = 797E8C3821A632F000C12CF1 /* TestCell.m */; };
		797E8C3C21A63EDB00C12CF1 /* TestViewController.m in Sources */ = {isa = PBXBuildFile; fileRef = 797E8C3B21A63EDB00C12CF1 /* TestViewController.m */; };
		79E9EB3A21A293A9007D603C /* AppDelegate.m in Sources */ = {isa = PBXBuildFile; fileRef = 79E9EB3921A293A9007D603C /* AppDelegate.m */; };
		79E9EB3D21A293A9007D603C /* ViewController.m in Sources */ = {isa = PBXBuildFile; fileRef = 79E9EB3C21A293A9007D603C /* ViewController.m */; };
		79E9EB4021A293A9007D603C /* Main.storyboard in Resources */ = {isa = PBXBuildFile; fileRef = 79E9EB3E21A293A9007D603C /* Main.storyboard */; };
		79E9EB4221A293AB007D603C /* Assets.xcassets in Resources */ = {isa = PBXBuildFile; fileRef = 79E9EB4121A293AB007D603C /* Assets.xcassets */; };
		79E9EB4521A293AB007D603C /* LaunchScreen.storyboard in Resources */ = {isa = PBXBuildFile; fileRef = 79E9EB4321A293AB007D603C /* LaunchScreen.storyboard */; };
		79E9EB4821A293AB007D603C /* main.m in Sources */ = {isa = PBXBuildFile; fileRef = 79E9EB4721A293AB007D603C /* main.m */; };
		79E9EB5221A293AB007D603C /* insTests.m in Sources */ = {isa = PBXBuildFile; fileRef = 79E9EB5121A293AB007D603C /* insTests.m */; };
		79E9EB5D21A293AB007D603C /* insUITests.m in Sources */ = {isa = PBXBuildFile; fileRef = 79E9EB5C21A293AB007D603C /* insUITests.m */; };
		79E9EB6D21A29A3D007D603C /* AddDrugCell.m in Sources */ = {isa = PBXBuildFile; fileRef = 79E9EB6B21A29A3D007D603C /* AddDrugCell.m */; };
		79E9EB6E21A29A3D007D603C /* AddDrugCell.xib in Resources */ = {isa = PBXBuildFile; fileRef = 79E9EB6C21A29A3D007D603C /* AddDrugCell.xib */; };
		79E9EB7121A2A1E4007D603C /* UIView+Extension.m in Sources */ = {isa = PBXBuildFile; fileRef = 79E9EB6F21A2A1E4007D603C /* UIView+Extension.m */; };
/* End PBXBuildFile section */

/* Begin PBXContainerItemProxy section */
		79E9EB4E21A293AB007D603C /* PBXContainerItemProxy */ = {
			isa = PBXContainerItemProxy;
			containerPortal = 79E9EB2D21A293A9007D603C /* Project object */;
			proxyType = 1;
			remoteGlobalIDString = 79E9EB3421A293A9007D603C;
			remoteInfo = ins;
		};
		79E9EB5921A293AB007D603C /* PBXContainerItemProxy */ = {
			isa = PBXContainerItemProxy;
			containerPortal = 79E9EB2D21A293A9007D603C /* Project object */;
			proxyType = 1;
			remoteGlobalIDString = 79E9EB3421A293A9007D603C;
			remoteInfo = ins;
		};
/* End PBXContainerItemProxy section */

/* Begin PBXFileReference section */
		797E8C3721A632F000C12CF1 /* TestCell.h */ = {isa = PBXFileReference; lastKnownFileType = sourcecode.c.h; path = TestCell.h; sourceTree = "<group>"; };
		797E8C3821A632F000C12CF1 /* TestCell.m */ = {isa = PBXFileReference; lastKnownFileType = sourcecode.c.objc; path = TestCell.m; sourceTree = "<group>"; };
		797E8C3A21A63EDB00C12CF1 /* TestViewController.h */ = {isa = PBXFileReference; lastKnownFileType = sourcecode.c.h; path = TestViewController.h; sourceTree = "<group>"; };
		797E8C3B21A63EDB00C12CF1 /* TestViewController.m */ = {isa = PBXFileReference; lastKnownFileType = sourcecode.c.objc; path = TestViewController.m; sourceTree = "<group>"; };
		79E9EB3521A293A9007D603C /* ins.app */ = {isa = PBXFileReference; explicitFileType = wrapper.application; includeInIndex = 0; path = ins.app; sourceTree = BUILT_PRODUCTS_DIR; };
		79E9EB3821A293A9007D603C /* AppDelegate.h */ = {isa = PBXFileReference; lastKnownFileType = sourcecode.c.h; path = AppDelegate.h; sourceTree = "<group>"; };
		79E9EB3921A293A9007D603C /* AppDelegate.m */ = {isa = PBXFileReference; lastKnownFileType = sourcecode.c.objc; path = AppDelegate.m; sourceTree = "<group>"; };
		79E9EB3B21A293A9007D603C /* ViewController.h */ = {isa = PBXFileReference; lastKnownFileType = sourcecode.c.h; path = ViewController.h; sourceTree = "<group>"; };
		79E9EB3C21A293A9007D603C /* ViewController.m */ = {isa = PBXFileReference; lastKnownFileType = sourcecode.c.objc; path = ViewController.m; sourceTree = "<group>"; };
		79E9EB3F21A293A9007D603C /* Base */ = {isa = PBXFileReference; lastKnownFileType = file.storyboard; name = Base; path = Base.lproj/Main.storyboard; sourceTree = "<group>"; };
		79E9EB4121A293AB007D603C /* Assets.xcassets */ = {isa = PBXFileReference; lastKnownFileType = folder.assetcatalog; path = Assets.xcassets; sourceTree = "<group>"; };
		79E9EB4421A293AB007D603C /* Base */ = {isa = PBXFileReference; lastKnownFileType = file.storyboard; name = Base; path = Base.lproj/LaunchScreen.storyboard; sourceTree = "<group>"; };
		79E9EB4621A293AB007D603C /* Info.plist */ = {isa = PBXFileReference; lastKnownFileType = text.plist.xml; path = Info.plist; sourceTree = "<group>"; };
		79E9EB4721A293AB007D603C /* main.m */ = {isa = PBXFileReference; lastKnownFileType = sourcecode.c.objc; path = main.m; sourceTree = "<group>"; };
		79E9EB4D21A293AB007D603C /* insTests.xctest */ = {isa = PBXFileReference; explicitFileType = wrapper.cfbundle; includeInIndex = 0; path = insTests.xctest; sourceTree = BUILT_PRODUCTS_DIR; };
		79E9EB5121A293AB007D603C /* insTests.m */ = {isa = PBXFileReference; lastKnownFileType = sourcecode.c.objc; path = insTests.m; sourceTree = "<group>"; };
		79E9EB5321A293AB007D603C /* Info.plist */ = {isa = PBXFileReference; lastKnownFileType = text.plist.xml; path = Info.plist; sourceTree = "<group>"; };
		79E9EB5821A293AB007D603C /* insUITests.xctest */ = {isa = PBXFileReference; explicitFileType = wrapper.cfbundle; includeInIndex = 0; path = insUITests.xctest; sourceTree = BUILT_PRODUCTS_DIR; };
		79E9EB5C21A293AB007D603C /* insUITests.m */ = {isa = PBXFileReference; lastKnownFileType = sourcecode.c.objc; path = insUITests.m; sourceTree = "<group>"; };
		79E9EB5E21A293AB007D603C /* Info.plist */ = {isa = PBXFileReference; lastKnownFileType = text.plist.xml; path = Info.plist; sourceTree = "<group>"; };
		79E9EB6A21A29A3D007D603C /* AddDrugCell.h */ = {isa = PBXFileReference; lastKnownFileType = sourcecode.c.h; path = AddDrugCell.h; sourceTree = "<group>"; };
		79E9EB6B21A29A3D007D603C /* AddDrugCell.m */ = {isa = PBXFileReference; lastKnownFileType = sourcecode.c.objc; path = AddDrugCell.m; sourceTree = "<group>"; };
		79E9EB6C21A29A3D007D603C /* AddDrugCell.xib */ = {isa = PBXFileReference; lastKnownFileType = file.xib; path = AddDrugCell.xib; sourceTree = "<group>"; };
		79E9EB6F21A2A1E4007D603C /* UIView+Extension.m */ = {isa = PBXFileReference; fileEncoding = 4; lastKnownFileType = sourcecode.c.objc; path = "UIView+Extension.m"; sourceTree = "<group>"; };
		79E9EB7021A2A1E4007D603C /* UIView+Extension.h */ = {isa = PBXFileReference; fileEncoding = 4; lastKnownFileType = sourcecode.c.h; path = "UIView+Extension.h"; sourceTree = "<group>"; };
/* End PBXFileReference section */

/* Begin PBXFrameworksBuildPhase section */
		79E9EB3221A293A9007D603C /* Frameworks */ = {
			isa = PBXFrameworksBuildPhase;
			buildActionMask = 2147483647;
			files = (
			);
			runOnlyForDeploymentPostprocessing = 0;
		};
		79E9EB4A21A293AB007D603C /* Frameworks */ = {
			isa = PBXFrameworksBuildPhase;
			buildActionMask = 2147483647;
			files = (
			);
			runOnlyForDeploymentPostprocessing = 0;
		};
		79E9EB5521A293AB007D603C /* Frameworks */ = {
			isa = PBXFrameworksBuildPhase;
			buildActionMask = 2147483647;
			files = (
			);
			runOnlyForDeploymentPostprocessing = 0;
		};
/* End PBXFrameworksBuildPhase section */

/* Begin PBXGroup section */
		79E9EB2C21A293A9007D603C = {
			isa = PBXGroup;
			children = (
				79E9EB3721A293A9007D603C /* ins */,
				79E9EB5021A293AB007D603C /* insTests */,
				79E9EB5B21A293AB007D603C /* insUITests */,
				79E9EB3621A293A9007D603C /* Products */,
			);
			sourceTree = "<group>";
		};
		79E9EB3621A293A9007D603C /* Products */ = {
			isa = PBXGroup;
			children = (
				79E9EB3521A293A9007D603C /* ins.app */,
				79E9EB4D21A293AB007D603C /* insTests.xctest */,
				79E9EB5821A293AB007D603C /* insUITests.xctest */,
			);
			name = Products;
			sourceTree = "<group>";
		};
		79E9EB3721A293A9007D603C /* ins */ = {
			isa = PBXGroup;
			children = (
				79E9EB7021A2A1E4007D603C /* UIView+Extension.h */,
				79E9EB6F21A2A1E4007D603C /* UIView+Extension.m */,
				79E9EB3821A293A9007D603C /* AppDelegate.h */,
				79E9EB3921A293A9007D603C /* AppDelegate.m */,
				797E8C3A21A63EDB00C12CF1 /* TestViewController.h */,
				797E8C3B21A63EDB00C12CF1 /* TestViewController.m */,
				79E9EB3B21A293A9007D603C /* ViewController.h */,
				79E9EB3C21A293A9007D603C /* ViewController.m */,
				797E8C3721A632F000C12CF1 /* TestCell.h */,
				797E8C3821A632F000C12CF1 /* TestCell.m */,
				79E9EB6A21A29A3D007D603C /* AddDrugCell.h */,
				79E9EB6B21A29A3D007D603C /* AddDrugCell.m */,
				79E9EB6C21A29A3D007D603C /* AddDrugCell.xib */,
				79E9EB3E21A293A9007D603C /* Main.storyboard */,
				79E9EB4121A293AB007D603C /* Assets.xcassets */,
				79E9EB4321A293AB007D603C /* LaunchScreen.storyboard */,
				79E9EB4621A293AB007D603C /* Info.plist */,
				79E9EB4721A293AB007D603C /* main.m */,
			);
			path = ins;
			sourceTree = "<group>";
		};
		79E9EB5021A293AB007D603C /* insTests */ = {
			isa = PBXGroup;
			children = (
				79E9EB5121A293AB007D603C /* insTests.m */,
				79E9EB5321A293AB007D603C /* Info.plist */,
			);
			path = insTests;
			sourceTree = "<group>";
		};
		79E9EB5B21A293AB007D603C /* insUITests */ = {
			isa = PBXGroup;
			children = (
				79E9EB5C21A293AB007D603C /* insUITests.m */,
				79E9EB5E21A293AB007D603C /* Info.plist */,
			);
			path = insUITests;
			sourceTree = "<group>";
		};
/* End PBXGroup section */

/* Begin PBXNativeTarget section */
		79E9EB3421A293A9007D603C /* ins */ = {
			isa = PBXNativeTarget;
			buildConfigurationList = 79E9EB6121A293AB007D603C /* Build configuration list for PBXNativeTarget "ins" */;
			buildPhases = (
				79E9EB3121A293A9007D603C /* Sources */,
				79E9EB3221A293A9007D603C /* Frameworks */,
				79E9EB3321A293A9007D603C /* Resources */,
			);
			buildRules = (
			);
			dependencies = (
			);
			name = ins;
			productName = ins;
			productReference = 79E9EB3521A293A9007D603C /* ins.app */;
			productType = "com.apple.product-type.application";
		};
		79E9EB4C21A293AB007D603C /* insTests */ = {
			isa = PBXNativeTarget;
			buildConfigurationList = 79E9EB6421A293AB007D603C /* Build configuration list for PBXNativeTarget "insTests" */;
			buildPhases = (
				79E9EB4921A293AB007D603C /* Sources */,
				79E9EB4A21A293AB007D603C /* Frameworks */,
				79E9EB4B21A293AB007D603C /* Resources */,
			);
			buildRules = (
			);
			dependencies = (
				79E9EB4F21A293AB007D603C /* PBXTargetDependency */,
			);
			name = insTests;
			productName = insTests;
			productReference = 79E9EB4D21A293AB007D603C /* insTests.xctest */;
			productType = "com.apple.product-type.bundle.unit-test";
		};
		79E9EB5721A293AB007D603C /* insUITests */ = {
			isa = PBXNativeTarget;
			buildConfigurationList = 79E9EB6721A293AB007D603C /* Build configuration list for PBXNativeTarget "insUITests" */;
			buildPhases = (
				79E9EB5421A293AB007D603C /* Sources */,
				79E9EB5521A293AB007D603C /* Frameworks */,
				79E9EB5621A293AB007D603C /* Resources */,
			);
			buildRules = (
			);
			dependencies = (
				79E9EB5A21A293AB007D603C /* PBXTargetDependency */,
			);
			name = insUITests;
			productName = insUITests;
			productReference = 79E9EB5821A293AB007D603C /* insUITests.xctest */;
			productType = "com.apple.product-type.bundle.ui-testing";
		};
/* End PBXNativeTarget section */

/* Begin PBXProject section */
		79E9EB2D21A293A9007D603C /* Project object */ = {
			isa = PBXProject;
			attributes = {
				LastUpgradeCheck = 0940;
				ORGANIZATIONNAME = JKB;
				TargetAttributes = {
					79E9EB3421A293A9007D603C = {
						CreatedOnToolsVersion = 9.4.1;
					};
					79E9EB4C21A293AB007D603C = {
						CreatedOnToolsVersion = 9.4.1;
						TestTargetID = 79E9EB3421A293A9007D603C;
					};
					79E9EB5721A293AB007D603C = {
						CreatedOnToolsVersion = 9.4.1;
						TestTargetID = 79E9EB3421A293A9007D603C;
					};
				};
			};
			buildConfigurationList = 79E9EB3021A293A9007D603C /* Build configuration list for PBXProject "ins" */;
			compatibilityVersion = "Xcode 9.3";
			developmentRegion = en;
			hasScannedForEncodings = 0;
			knownRegions = (
				en,
				Base,
			);
			mainGroup = 79E9EB2C21A293A9007D603C;
			productRefGroup = 79E9EB3621A293A9007D603C /* Products */;
			projectDirPath = "";
			projectRoot = "";
			targets = (
				79E9EB3421A293A9007D603C /* ins */,
				79E9EB4C21A293AB007D603C /* insTests */,
				79E9EB5721A293AB007D603C /* insUITests */,
			);
		};
/* End PBXProject section */

/* Begin PBXResourcesBuildPhase section */
		79E9EB3321A293A9007D603C /* Resources */ = {
			isa = PBXResourcesBuildPhase;
			buildActionMask = 2147483647;
			files = (
				79E9EB4521A293AB007D603C /* LaunchScreen.storyboard in Resources */,
				79E9EB4221A293AB007D603C /* Assets.xcassets in Resources */,
				79E9EB4021A293A9007D603C /* Main.storyboard in Resources */,
				79E9EB6E21A29A3D007D603C /* AddDrugCell.xib in Resources */,
			);
			runOnlyForDeploymentPostprocessing = 0;
		};
		79E9EB4B21A293AB007D603C /* Resources */ = {
			isa = PBXResourcesBuildPhase;
			buildActionMask = 2147483647;
			files = (
			);
			runOnlyForDeploymentPostprocessing = 0;
		};
		79E9EB5621A293AB007D603C /* Resources */ = {
			isa = PBXResourcesBuildPhase;
			buildActionMask = 2147483647;
			files = (
			);
			runOnlyForDeploymentPostprocessing = 0;
		};
/* End PBXResourcesBuildPhase section */

/* Begin PBXSourcesBuildPhase section */
		79E9EB3121A293A9007D603C /* Sources */ = {
			isa = PBXSourcesBuildPhase;
			buildActionMask = 2147483647;
			files = (
				79E9EB7121A2A1E4007D603C /* UIView+Extension.m in Sources */,
				797E8C3921A632F000C12CF1 /* TestCell.m in Sources */,
				797E8C3C21A63EDB00C12CF1 /* TestViewController.m in Sources */,
				79E9EB3D21A293A9007D603C /* ViewController.m in Sources */,
				79E9EB4821A293AB007D603C /* main.m in Sources */,
				79E9EB3A21A293A9007D603C /* AppDelegate.m in Sources */,
				79E9EB6D21A29A3D007D603C /* AddDrugCell.m in Sources */,
			);
			runOnlyForDeploymentPostprocessing = 0;
		};
		79E9EB4921A293AB007D603C /* Sources */ = {
			isa = PBXSourcesBuildPhase;
			buildActionMask = 2147483647;
			files = (
				79E9EB5221A293AB007D603C /* insTests.m in Sources */,
			);
			runOnlyForDeploymentPostprocessing = 0;
		};
		79E9EB5421A293AB007D603C /* Sources */ = {
			isa = PBXSourcesBuildPhase;
			buildActionMask = 2147483647;
			files = (
				79E9EB5D21A293AB007D603C /* insUITests.m in Sources */,
			);
			runOnlyForDeploymentPostprocessing = 0;
		};
/* End PBXSourcesBuildPhase section */

/* Begin PBXTargetDependency section */
		79E9EB4F21A293AB007D603C /* PBXTargetDependency */ = {
			isa = PBXTargetDependency;
			target = 79E9EB3421A293A9007D603C /* ins */;
			targetProxy = 79E9EB4E21A293AB007D603C /* PBXContainerItemProxy */;
		};
		79E9EB5A21A293AB007D603C /* PBXTargetDependency */ = {
			isa = PBXTargetDependency;
			target = 79E9EB3421A293A9007D603C /* ins */;
			targetProxy = 79E9EB5921A293AB007D603C /* PBXContainerItemProxy */;
		};
/* End PBXTargetDependency section */

/* Begin PBXVariantGroup section */
		79E9EB3E21A293A9007D603C /* Main.storyboard */ = {
			isa = PBXVariantGroup;
			children = (
				79E9EB3F21A293A9007D603C /* Base */,
			);
			name = Main.storyboard;
			sourceTree = "<group>";
		};
		79E9EB4321A293AB007D603C /* LaunchScreen.storyboard */ = {
			isa = PBXVariantGroup;
			children = (
				79E9EB4421A293AB007D603C /* Base */,
			);
			name = LaunchScreen.storyboard;
			sourceTree = "<group>";
		};
/* End PBXVariantGroup section */

/* Begin XCBuildConfiguration section */
		79E9EB5F21A293AB007D603C /* Debug */ = {
			isa = XCBuildConfiguration;
			buildSettings = {
				ALWAYS_SEARCH_USER_PATHS = NO;
				CLANG_ANALYZER_NONNULL = YES;
				CLANG_ANALYZER_NUMBER_OBJECT_CONVERSION = YES_AGGRESSIVE;
				CLANG_CXX_LANGUAGE_STANDARD = "gnu++14";
				CLANG_CXX_LIBRARY = "libc++";
				CLANG_ENABLE_MODULES = YES;
				CLANG_ENABLE_OBJC_ARC = YES;
				CLANG_ENABLE_OBJC_WEAK = YES;
				CLANG_WARN_BLOCK_CAPTURE_AUTORELEASING = YES;
				CLANG_WARN_BOOL_CONVERSION = YES;
				CLANG_WARN_COMMA = YES;
				CLANG_WARN_CONSTANT_CONVERSION = YES;
				CLANG_WARN_DEPRECATED_OBJC_IMPLEMENTATIONS = YES;
				CLANG_WARN_DIRECT_OBJC_ISA_USAGE = YES_ERROR;
				CLANG_WARN_DOCUMENTATION_COMMENTS = YES;
				CLANG_WARN_EMPTY_BODY = YES;
				CLANG_WARN_ENUM_CONVERSION = YES;
				CLANG_WARN_INFINITE_RECURSION = YES;
				CLANG_WARN_INT_CONVERSION = YES;
				CLANG_WARN_NON_LITERAL_NULL_CONVERSION = YES;
				CLANG_WARN_OBJC_IMPLICIT_RETAIN_SELF = YES;
				CLANG_WARN_OBJC_LITERAL_CONVERSION = YES;
				CLANG_WARN_OBJC_ROOT_CLASS = YES_ERROR;
				CLANG_WARN_RANGE_LOOP_ANALYSIS = YES;
				CLANG_WARN_STRICT_PROTOTYPES = YES;
				CLANG_WARN_SUSPICIOUS_MOVE = YES;
				CLANG_WARN_UNGUARDED_AVAILABILITY = YES_AGGRESSIVE;
				CLANG_WARN_UNREACHABLE_CODE = YES;
				CLANG_WARN__DUPLICATE_METHOD_MATCH = YES;
				CODE_SIGN_IDENTITY = "iPhone Developer";
				COPY_PHASE_STRIP = NO;
				DEBUG_INFORMATION_FORMAT = dwarf;
				ENABLE_STRICT_OBJC_MSGSEND = YES;
				ENABLE_TESTABILITY = YES;
				GCC_C_LANGUAGE_STANDARD = gnu11;
				GCC_DYNAMIC_NO_PIC = NO;
				GCC_NO_COMMON_BLOCKS = YES;
				GCC_OPTIMIZATION_LEVEL = 0;
				GCC_PREPROCESSOR_DEFINITIONS = (
					"DEBUG=1",
					"$(inherited)",
				);
				GCC_WARN_64_TO_32_BIT_CONVERSION = YES;
				GCC_WARN_ABOUT_RETURN_TYPE = YES_ERROR;
				GCC_WARN_UNDECLARED_SELECTOR = YES;
				GCC_WARN_UNINITIALIZED_AUTOS = YES_AGGRESSIVE;
				GCC_WARN_UNUSED_FUNCTION = YES;
				GCC_WARN_UNUSED_VARIABLE = YES;
				IPHONEOS_DEPLOYMENT_TARGET = 11.4;
				MTL_ENABLE_DEBUG_INFO = YES;
				ONLY_ACTIVE_ARCH = YES;
				SDKROOT = iphoneos;
			};
			name = Debug;
		};
		79E9EB6021A293AB007D603C /* Release */ = {
			isa = XCBuildConfiguration;
			buildSettings = {
				ALWAYS_SEARCH_USER_PATHS = NO;
				CLANG_ANALYZER_NONNULL = YES;
				CLANG_ANALYZER_NUMBER_OBJECT_CONVERSION = YES_AGGRESSIVE;
				CLANG_CXX_LANGUAGE_STANDARD = "gnu++14";
				CLANG_CXX_LIBRARY = "libc++";
				CLANG_ENABLE_MODULES = YES;
				CLANG_ENABLE_OBJC_ARC = YES;
				CLANG_ENABLE_OBJC_WEAK = YES;
				CLANG_WARN_BLOCK_CAPTURE_AUTORELEASING = YES;
				CLANG_WARN_BOOL_CONVERSION = YES;
				CLANG_WARN_COMMA = YES;
				CLANG_WARN_CONSTANT_CONVERSION = YES;
				CLANG_WARN_DEPRECATED_OBJC_IMPLEMENTATIONS = YES;
				CLANG_WARN_DIRECT_OBJC_ISA_USAGE = YES_ERROR;
				CLANG_WARN_DOCUMENTATION_COMMENTS = YES;
				CLANG_WARN_EMPTY_BODY = YES;
				CLANG_WARN_ENUM_CONVERSION = YES;
				CLANG_WARN_INFINITE_RECURSION = YES;
				CLANG_WARN_INT_CONVERSION = YES;
				CLANG_WARN_NON_LITERAL_NULL_CONVERSION = YES;
				CLANG_WARN_OBJC_IMPLICIT_RETAIN_SELF = YES;
				CLANG_WARN_OBJC_LITERAL_CONVERSION = YES;
				CLANG_WARN_OBJC_ROOT_CLASS = YES_ERROR;
				CLANG_WARN_RANGE_LOOP_ANALYSIS = YES;
				CLANG_WARN_STRICT_PROTOTYPES = YES;
				CLANG_WARN_SUSPICIOUS_MOVE = YES;
				CLANG_WARN_UNGUARDED_AVAILABILITY = YES_AGGRESSIVE;
				CLANG_WARN_UNREACHABLE_CODE = YES;
				CLANG_WARN__DUPLICATE_METHOD_MATCH = YES;
				CODE_SIGN_IDENTITY = "iPhone Developer";
				COPY_PHASE_STRIP = NO;
				DEBUG_INFORMATION_FORMAT = "dwarf-with-dsym";
				ENABLE_NS_ASSERTIONS = NO;
				ENABLE_STRICT_OBJC_MSGSEND = YES;
				GCC_C_LANGUAGE_STANDARD = gnu11;
				GCC_NO_COMMON_BLOCKS = YES;
				GCC_WARN_64_TO_32_BIT_CONVERSION = YES;
				GCC_WARN_ABOUT_RETURN_TYPE = YES_ERROR;
				GCC_WARN_UNDECLARED_SELECTOR = YES;
				GCC_WARN_UNINITIALIZED_AUTOS = YES_AGGRESSIVE;
				GCC_WARN_UNUSED_FUNCTION = YES;
				GCC_WARN_UNUSED_VARIABLE = YES;
				IPHONEOS_DEPLOYMENT_TARGET = 11.4;
				MTL_ENABLE_DEBUG_INFO = NO;
				SDKROOT = iphoneos;
				VALIDATE_PRODUCT = YES;
			};
			name = Release;
		};
		79E9EB6221A293AB007D603C /* Debug */ = {
			isa = XCBuildConfiguration;
			buildSettings = {
				ASSETCATALOG_COMPILER_APPICON_NAME = AppIcon;
				CODE_SIGN_STYLE = Automatic;
				INFOPLIST_FILE = ins/Info.plist;
				LD_RUNPATH_SEARCH_PATHS = (
					"$(inherited)",
					"@executable_path/Frameworks",
				);
				PRODUCT_BUNDLE_IDENTIFIER = com.jiankangbao.ins;
				PRODUCT_NAME = "$(TARGET_NAME)";
				TARGETED_DEVICE_FAMILY = "1,2";
			};
			name = Debug;
		};
		79E9EB6321A293AB007D603C /* Release */ = {
			isa = XCBuildConfiguration;
			buildSettings = {
				ASSETCATALOG_COMPILER_APPICON_NAME = AppIcon;
				CODE_SIGN_STYLE = Automatic;
				INFOPLIST_FILE = ins/Info.plist;
				LD_RUNPATH_SEARCH_PATHS = (
					"$(inherited)",
					"@executable_path/Frameworks",
				);
				PRODUCT_BUNDLE_IDENTIFIER = com.jiankangbao.ins;
				PRODUCT_NAME = "$(TARGET_NAME)";
				TARGETED_DEVICE_FAMILY = "1,2";
			};
			name = Release;
		};
		79E9EB6521A293AB007D603C /* Debug */ = {
			isa = XCBuildConfiguration;
			buildSettings = {
				BUNDLE_LOADER = "$(TEST_HOST)";
				CODE_SIGN_STYLE = Automatic;
				INFOPLIST_FILE = insTests/Info.plist;
				LD_RUNPATH_SEARCH_PATHS = (
					"$(inherited)",
					"@executable_path/Frameworks",
					"@loader_path/Frameworks",
				);
				PRODUCT_BUNDLE_IDENTIFIER = com.jiankangbao.insTests;
				PRODUCT_NAME = "$(TARGET_NAME)";
				TARGETED_DEVICE_FAMILY = "1,2";
				TEST_HOST = "$(BUILT_PRODUCTS_DIR)/ins.app/ins";
			};
			name = Debug;
		};
		79E9EB6621A293AB007D603C /* Release */ = {
			isa = XCBuildConfiguration;
			buildSettings = {
				BUNDLE_LOADER = "$(TEST_HOST)";
				CODE_SIGN_STYLE = Automatic;
				INFOPLIST_FILE = insTests/Info.plist;
				LD_RUNPATH_SEARCH_PATHS = (
					"$(inherited)",
					"@executable_path/Frameworks",
					"@loader_path/Frameworks",
				);
				PRODUCT_BUNDLE_IDENTIFIER = com.jiankangbao.insTests;
				PRODUCT_NAME = "$(TARGET_NAME)";
				TARGETED_DEVICE_FAMILY = "1,2";
				TEST_HOST = "$(BUILT_PRODUCTS_DIR)/ins.app/ins";
			};
			name = Release;
		};
		79E9EB6821A293AB007D603C /* Debug */ = {
			isa = XCBuildConfiguration;
			buildSettings = {
				CODE_SIGN_STYLE = Automatic;
				INFOPLIST_FILE = insUITests/Info.plist;
				LD_RUNPATH_SEARCH_PATHS = (
					"$(inherited)",
					"@executable_path/Frameworks",
					"@loader_path/Frameworks",
				);
				PRODUCT_BUNDLE_IDENTIFIER = com.jiankangbao.insUITests;
				PRODUCT_NAME = "$(TARGET_NAME)";
				TARGETED_DEVICE_FAMILY = "1,2";
				TEST_TARGET_NAME = ins;
			};
			name = Debug;
		};
		79E9EB6921A293AB007D603C /* Release */ = {
			isa = XCBuildConfiguration;
			buildSettings = {
				CODE_SIGN_STYLE = Automatic;
				INFOPLIST_FILE = insUITests/Info.plist;
				LD_RUNPATH_SEARCH_PATHS = (
					"$(inherited)",
					"@executable_path/Frameworks",
					"@loader_path/Frameworks",
				);
				PRODUCT_BUNDLE_IDENTIFIER = com.jiankangbao.insUITests;
				PRODUCT_NAME = "$(TARGET_NAME)";
				TARGETED_DEVICE_FAMILY = "1,2";
				TEST_TARGET_NAME = ins;
			};
			name = Release;
		};
/* End XCBuildConfiguration section */

/* Begin XCConfigurationList section */
		79E9EB3021A293A9007D603C /* Build configuration list for PBXProject "ins" */ = {
			isa = XCConfigurationList;
			buildConfigurations = (
				79E9EB5F21A293AB007D603C /* Debug */,
				79E9EB6021A293AB007D603C /* Release */,
			);
			defaultConfigurationIsVisible = 0;
			defaultConfigurationName = Release;
		};
		79E9EB6121A293AB007D603C /* Build configuration list for PBXNativeTarget "ins" */ = {
			isa = XCConfigurationList;
			buildConfigurations = (
				79E9EB6221A293AB007D603C /* Debug */,
				79E9EB6321A293AB007D603C /* Release */,
			);
			defaultConfigurationIsVisible = 0;
			defaultConfigurationName = Release;
		};
		79E9EB6421A293AB007D603C /* Build configuration list for PBXNativeTarget "insTests" */ = {
			isa = XCConfigurationList;
			buildConfigurations = (
				79E9EB6521A293AB007D603C /* Debug */,
				79E9EB6621A293AB007D603C /* Release */,
			);
			defaultConfigurationIsVisible = 0;
			defaultConfigurationName = Release;
		};
		79E9EB6721A293AB007D603C /* Build configuration list for PBXNativeTarget "insUITests" */ = {
			isa = XCConfigurationList;
			buildConfigurations = (
				79E9EB6821A293AB007D603C /* Debug */,
				79E9EB6921A293AB007D603C /* Release */,
			);
			defaultConfigurationIsVisible = 0;
			defaultConfigurationName = Release;
		};
/* End XCConfigurationList section */
	};
	rootObject = 79E9EB2D21A293A9007D603C /* Project object */;
}
